{
  "pins" : [
    {
      "identity" : "openai-kotlin",
      "kind" : "remoteSourceControl",
      "location" : "https://github.com/tddworks/openai-kotlin",
      "state" : {
        "revision" : "b1e9e97e59caaa33a2fc8a0487127331d56b17f1",
        "version" : "0.1.8"
      }
    }
  ],
  "version" : 2
}
