{
  "pins" : [
    {
      "identity" : "openai-kotlin",
      "kind" : "remoteSourceControl",
      "location" : "https://github.com/tddworks/openai-kotlin",
      "state" : {
        "revision" : "f056090f1fc4860dabdda93615db56f9607670ab",
        "version" : "0.1.4"
      }
    }
  ],
  "version" : 2
}
